
Microsoft Visual Studio Solution File, Format Version 12.00
# Visual Studio Version 17
VisualStudioVersion = 17.10.35027.167
MinimumVisualStudioVersion = 10.0.40219.1
Project("{FAE04EC0-301F-11D3-BF4B-00C04F79EFBC}") = "VoxelizeGeometry", "VoxelizeGeometry\VoxelizeGeometry.csproj", "{4B6BCDCC-0FA2-4A06-A7EB-66274E5DD092}"
EndProject
Global
	GlobalSection(SolutionConfigurationPlatforms) = preSolution
		Debug|Any CPU = Debug|Any CPU
		Release|Any CPU = Release|Any CPU
	EndGlobalSection
	GlobalSection(ProjectConfigurationPlatforms) = postSolution
		{4B6BCDCC-0FA2-4A06-A7EB-66274E5DD092}.Debug|Any CPU.ActiveCfg = Debug|Any CPU
		{4B6BCDCC-0FA2-4A06-A7EB-66274E5DD092}.Debug|Any CPU.Build.0 = Debug|Any CPU
		{4B6BCDCC-0FA2-4A06-A7EB-66274E5DD092}.Release|Any CPU.ActiveCfg = Release|Any CPU
		{4B6BCDCC-0FA2-4A06-A7EB-66274E5DD092}.Release|Any CPU.Build.0 = Release|Any CPU
	EndGlobalSection
	GlobalSection(SolutionProperties) = preSolution
		HideSolutionNode = FALSE
	EndGlobalSection
	GlobalSection(ExtensibilityGlobals) = postSolution
		SolutionGuid = {0019FE1D-1188-416C-B60B-1BFD30317BA8}
	EndGlobalSection
EndGlobal
